#
# This file is autogenerated by pip-compile with Python 3.12
# by the following command:
#
#    pip-compile --constraint=requirements.lock --extra=dev --no-emit-index-url --no-index --output-file=requirements-dev.lock --strip-extras pyproject.toml
#
alembic==1.20.0
    # via
    #   -c requirements.lock
    #   twf-api (pyproject.toml)
annotated-doc==0.0.5
    # via
    #   -c requirements.lock
    #   fastapi
annotated-types==0.8.0
    # via
    #   -c requirements.lock
    #   pydantic
anyio==4.15.1
    # via
    #   -c requirements.lock
    #   httpx
    #   starlette
certifi==2026.7.22
    # via
    #   httpcore
    #   httpx
click==8.5.0
    # via
    #   -c requirements.lock
    #   uvicorn
fastapi==0.141.1
    # via
    #   -c requirements.lock
    #   twf-api (pyproject.toml)
greenlet==3.5.6
    # via
    #   -c requirements.lock
    #   sqlalchemy
h11==0.16.0
    # via
    #   -c requirements.lock
    #   httpcore
    #   uvicorn
httpcore==1.0.9
    # via httpx
httpx==0.28.1
    # via twf-api (pyproject.toml)
idna==3.20
    # via
    #   -c requirements.lock
    #   anyio
    #   httpx
iniconfig==2.3.0
    # via pytest
librt==0.15.0
    # via mypy
mako==1.4.3
    # via
    #   -c requirements.lock
    #   alembic
markupsafe==3.0.3
    # via
    #   -c requirements.lock
    #   mako
mypy==1.20.2
    # via twf-api (pyproject.toml)
mypy-extensions==1.1.0
    # via mypy
packaging==26.3
    # via pytest
pathspec==1.1.1
    # via mypy
pluggy==1.6.0
    # via pytest
psycopg==3.3.6
    # via
    #   -c requirements.lock
    #   twf-api (pyproject.toml)
psycopg-binary==3.3.6
    # via
    #   -c requirements.lock
    #   psycopg
pydantic==2.13.5
    # via
    #   -c requirements.lock
    #   fastapi
    #   pydantic-settings
pydantic-core==2.46.5
    # via
    #   -c requirements.lock
    #   pydantic
pydantic-settings==2.15.0
    # via
    #   -c requirements.lock
    #   twf-api (pyproject.toml)
pygments==2.21.0
    # via pytest
pytest==9.1.1
    # via twf-api (pyproject.toml)
python-dotenv==1.2.3
    # via
    #   -c requirements.lock
    #   pydantic-settings
ruff==0.16.8
    # via twf-api (pyproject.toml)
sqlalchemy==2.0.54
    # via
    #   -c requirements.lock
    #   alembic
    #   twf-api (pyproject.toml)
starlette==1.7.0
    # via
    #   -c requirements.lock
    #   fastapi
typing-extensions==4.16.0
    # via
    #   -c requirements.lock
    #   alembic
    #   anyio
    #   fastapi
    #   mypy
    #   psycopg
    #   pydantic
    #   pydantic-core
    #   sqlalchemy
    #   starlette
    #   typing-inspection
typing-inspection==0.4.4
    # via
    #   -c requirements.lock
    #   fastapi
    #   pydantic
    #   pydantic-settings
uvicorn==0.53.0
    # via
    #   -c requirements.lock
    #   twf-api (pyproject.toml)
